
Microsoft Visual Studio Solution File, Format Version 12.00
# Visual Studio Version 16
VisualStudioVersion = 16.0.30717.126
MinimumVisualStudioVersion = 10.0.40219.1
Project("{FAE04EC0-301F-11D3-BF4B-00C04F79EFBC}") = "AccFas", "AccFas\AccFas.csproj", "{A2676E2C-882A-4A55-A82B-38118DEEFAF7}"
EndProject
Global
	GlobalSection(SolutionConfigurationPlatforms) = preSolution
		Debug|Any CPU = Debug|Any CPU
		Release|Any CPU = Release|Any CPU
	EndGlobalSection
	GlobalSection(ProjectConfigurationPlatforms) = postSolution
		{A2676E2C-882A-4A55-A82B-38118DEEFAF7}.Debug|Any CPU.ActiveCfg = Debug|Any CPU
		{A2676E2C-882A-4A55-A82B-38118DEEFAF7}.Debug|Any CPU.Build.0 = Debug|Any CPU
		{A2676E2C-882A-4A55-A82B-38118DEEFAF7}.Release|Any CPU.ActiveCfg = Release|Any CPU
		{A2676E2C-882A-4A55-A82B-38118DEEFAF7}.Release|Any CPU.Build.0 = Release|Any CPU
	EndGlobalSection
	GlobalSection(SolutionProperties) = preSolution
		HideSolutionNode = FALSE
	EndGlobalSection
	GlobalSection(ExtensibilityGlobals) = postSolution
		SolutionGuid = {CB8F9809-58A1-4A22-B147-17E3E37BB477}
	EndGlobalSection
EndGlobal
